
Microsoft Visual Studio Solution File, Format Version 12.00
# Visual Studio 15
Project("{FAE04EC0-301F-11D3-BF4B-00C04F79EFBC}") = "Factory", "Factory\Factory.csproj", "{17C5361D-EF3D-4BDC-8AEE-FBD5746A7B15}"
EndProject
Project("{FAE04EC0-301F-11D3-BF4B-00C04F79EFBC}") = "Strategy", "AbstractAndInterfaces\Strategy.csproj", "{98333BF4-CCE2-424E-97F9-8FB81A35F578}"
EndProject
Project("{FAE04EC0-301F-11D3-BF4B-00C04F79EFBC}") = "Decorator", "Decorator\Decorator.csproj", "{1F58C7F1-CCCA-4F67-84FC-AE34A42083EB}"
EndProject
Project("{FAE04EC0-301F-11D3-BF4B-00C04F79EFBC}") = "Adapter", "Adapter\Adapter.csproj", "{B31367B4-B85F-4B3C-93B0-A7AD7CAB7A77}"
EndProject
Project("{FAE04EC0-301F-11D3-BF4B-00C04F79EFBC}") = "DeadLock", "DeadLock\DeadLock.csproj", "{43451BA2-72A7-4281-A634-81471AA66657}"
EndProject
Project("{FAE04EC0-301F-11D3-BF4B-00C04F79EFBC}") = "templatemethod", "templatemethod\templatemethod.csproj", "{8C15E15F-5D2E-4709-85E2-21D7568D347E}"
EndProject
Project("{FAE04EC0-301F-11D3-BF4B-00C04F79EFBC}") = "Proxy", "Proxy\Proxy.csproj", "{C86A9D94-41DB-489D-8591-70279C2698B2}"
EndProject
Project("{FAE04EC0-301F-11D3-BF4B-00C04F79EFBC}") = "State", "State\State.csproj", "{74BCD145-187E-41C6-9374-171304C38705}"
EndProject
Project("{FAE04EC0-301F-11D3-BF4B-00C04F79EFBC}") = "Relection", "Relection\Relection.csproj", "{14A15A77-46C6-45B4-AAF5-1465641D443D}"
EndProject
Project("{FAE04EC0-301F-11D3-BF4B-00C04F79EFBC}") = "composite", "composite\composite.csproj", "{D63F4AEF-86C4-4292-8F6B-C4736A57B3E5}"
EndProject
Project("{FAE04EC0-301F-11D3-BF4B-00C04F79EFBC}") = "Iteration", "Iteration\Iteration.csproj", "{29EA8646-7036-42C8-BB40-3E36B45879AF}"
EndProject
Project("{FAE04EC0-301F-11D3-BF4B-00C04F79EFBC}") = "Generics", "Generics\Generics.csproj", "{3F9EAEF3-61B7-4E03-8F67-704FF52C4A77}"
EndProject
Project("{FAE04EC0-301F-11D3-BF4B-00C04F79EFBC}") = "BinarySearch", "BinarySearch\BinarySearch.csproj", "{D2DAF807-8620-47D7-BBFC-F2891292F086}"
EndProject
Project("{FAE04EC0-301F-11D3-BF4B-00C04F79EFBC}") = "Factoriales", "Factoriales\Factoriales.csproj", "{FA02F995-6777-48C5-9B35-4BB9A90AC679}"
EndProject
Project("{FAE04EC0-301F-11D3-BF4B-00C04F79EFBC}") = "CoinProblem", "CoinProblem\CoinProblem.csproj", "{0125950F-DCC0-4DE8-95E8-257E0BEC4499}"
EndProject
Global
	GlobalSection(SolutionConfigurationPlatforms) = preSolution
		Debug|Any CPU = Debug|Any CPU
		Release|Any CPU = Release|Any CPU
	EndGlobalSection
	GlobalSection(ProjectConfigurationPlatforms) = postSolution
		{17C5361D-EF3D-4BDC-8AEE-FBD5746A7B15}.Debug|Any CPU.ActiveCfg = Debug|Any CPU
		{17C5361D-EF3D-4BDC-8AEE-FBD5746A7B15}.Debug|Any CPU.Build.0 = Debug|Any CPU
		{17C5361D-EF3D-4BDC-8AEE-FBD5746A7B15}.Release|Any CPU.ActiveCfg = Release|Any CPU
		{17C5361D-EF3D-4BDC-8AEE-FBD5746A7B15}.Release|Any CPU.Build.0 = Release|Any CPU
		{98333BF4-CCE2-424E-97F9-8FB81A35F578}.Debug|Any CPU.ActiveCfg = Debug|Any CPU
		{98333BF4-CCE2-424E-97F9-8FB81A35F578}.Debug|Any CPU.Build.0 = Debug|Any CPU
		{98333BF4-CCE2-424E-97F9-8FB81A35F578}.Release|Any CPU.ActiveCfg = Release|Any CPU
		{98333BF4-CCE2-424E-97F9-8FB81A35F578}.Release|Any CPU.Build.0 = Release|Any CPU
		{1F58C7F1-CCCA-4F67-84FC-AE34A42083EB}.Debug|Any CPU.ActiveCfg = Debug|Any CPU
		{1F58C7F1-CCCA-4F67-84FC-AE34A42083EB}.Debug|Any CPU.Build.0 = Debug|Any CPU
		{1F58C7F1-CCCA-4F67-84FC-AE34A42083EB}.Release|Any CPU.ActiveCfg = Release|Any CPU
		{1F58C7F1-CCCA-4F67-84FC-AE34A42083EB}.Release|Any CPU.Build.0 = Release|Any CPU
		{B31367B4-B85F-4B3C-93B0-A7AD7CAB7A77}.Debug|Any CPU.ActiveCfg = Debug|Any CPU
		{B31367B4-B85F-4B3C-93B0-A7AD7CAB7A77}.Debug|Any CPU.Build.0 = Debug|Any CPU
		{B31367B4-B85F-4B3C-93B0-A7AD7CAB7A77}.Release|Any CPU.ActiveCfg = Release|Any CPU
		{B31367B4-B85F-4B3C-93B0-A7AD7CAB7A77}.Release|Any CPU.Build.0 = Release|Any CPU
		{43451BA2-72A7-4281-A634-81471AA66657}.Debug|Any CPU.ActiveCfg = Debug|Any CPU
		{43451BA2-72A7-4281-A634-81471AA66657}.Debug|Any CPU.Build.0 = Debug|Any CPU
		{43451BA2-72A7-4281-A634-81471AA66657}.Release|Any CPU.ActiveCfg = Release|Any CPU
		{43451BA2-72A7-4281-A634-81471AA66657}.Release|Any CPU.Build.0 = Release|Any CPU
		{8C15E15F-5D2E-4709-85E2-21D7568D347E}.Debug|Any CPU.ActiveCfg = Debug|Any CPU
		{8C15E15F-5D2E-4709-85E2-21D7568D347E}.Debug|Any CPU.Build.0 = Debug|Any CPU
		{8C15E15F-5D2E-4709-85E2-21D7568D347E}.Release|Any CPU.ActiveCfg = Release|Any CPU
		{8C15E15F-5D2E-4709-85E2-21D7568D347E}.Release|Any CPU.Build.0 = Release|Any CPU
		{C86A9D94-41DB-489D-8591-70279C2698B2}.Debug|Any CPU.ActiveCfg = Debug|Any CPU
		{C86A9D94-41DB-489D-8591-70279C2698B2}.Debug|Any CPU.Build.0 = Debug|Any CPU
		{C86A9D94-41DB-489D-8591-70279C2698B2}.Release|Any CPU.ActiveCfg = Release|Any CPU
		{C86A9D94-41DB-489D-8591-70279C2698B2}.Release|Any CPU.Build.0 = Release|Any CPU
		{74BCD145-187E-41C6-9374-171304C38705}.Debug|Any CPU.ActiveCfg = Debug|Any CPU
		{74BCD145-187E-41C6-9374-171304C38705}.Debug|Any CPU.Build.0 = Debug|Any CPU
		{74BCD145-187E-41C6-9374-171304C38705}.Release|Any CPU.ActiveCfg = Release|Any CPU
		{74BCD145-187E-41C6-9374-171304C38705}.Release|Any CPU.Build.0 = Release|Any CPU
		{14A15A77-46C6-45B4-AAF5-1465641D443D}.Debug|Any CPU.ActiveCfg = Debug|Any CPU
		{14A15A77-46C6-45B4-AAF5-1465641D443D}.Debug|Any CPU.Build.0 = Debug|Any CPU
		{14A15A77-46C6-45B4-AAF5-1465641D443D}.Release|Any CPU.ActiveCfg = Release|Any CPU
		{14A15A77-46C6-45B4-AAF5-1465641D443D}.Release|Any CPU.Build.0 = Release|Any CPU
		{D63F4AEF-86C4-4292-8F6B-C4736A57B3E5}.Debug|Any CPU.ActiveCfg = Debug|Any CPU
		{D63F4AEF-86C4-4292-8F6B-C4736A57B3E5}.Debug|Any CPU.Build.0 = Debug|Any CPU
		{D63F4AEF-86C4-4292-8F6B-C4736A57B3E5}.Release|Any CPU.ActiveCfg = Release|Any CPU
		{D63F4AEF-86C4-4292-8F6B-C4736A57B3E5}.Release|Any CPU.Build.0 = Release|Any CPU
		{29EA8646-7036-42C8-BB40-3E36B45879AF}.Debug|Any CPU.ActiveCfg = Debug|Any CPU
		{29EA8646-7036-42C8-BB40-3E36B45879AF}.Debug|Any CPU.Build.0 = Debug|Any CPU
		{29EA8646-7036-42C8-BB40-3E36B45879AF}.Release|Any CPU.ActiveCfg = Release|Any CPU
		{29EA8646-7036-42C8-BB40-3E36B45879AF}.Release|Any CPU.Build.0 = Release|Any CPU
		{3F9EAEF3-61B7-4E03-8F67-704FF52C4A77}.Debug|Any CPU.ActiveCfg = Debug|Any CPU
		{3F9EAEF3-61B7-4E03-8F67-704FF52C4A77}.Debug|Any CPU.Build.0 = Debug|Any CPU
		{3F9EAEF3-61B7-4E03-8F67-704FF52C4A77}.Release|Any CPU.ActiveCfg = Release|Any CPU
		{3F9EAEF3-61B7-4E03-8F67-704FF52C4A77}.Release|Any CPU.Build.0 = Release|Any CPU
		{D2DAF807-8620-47D7-BBFC-F2891292F086}.Debug|Any CPU.ActiveCfg = Debug|Any CPU
		{D2DAF807-8620-47D7-BBFC-F2891292F086}.Debug|Any CPU.Build.0 = Debug|Any CPU
		{D2DAF807-8620-47D7-BBFC-F2891292F086}.Release|Any CPU.ActiveCfg = Release|Any CPU
		{D2DAF807-8620-47D7-BBFC-F2891292F086}.Release|Any CPU.Build.0 = Release|Any CPU
		{FA02F995-6777-48C5-9B35-4BB9A90AC679}.Debug|Any CPU.ActiveCfg = Debug|Any CPU
		{FA02F995-6777-48C5-9B35-4BB9A90AC679}.Debug|Any CPU.Build.0 = Debug|Any CPU
		{FA02F995-6777-48C5-9B35-4BB9A90AC679}.Release|Any CPU.ActiveCfg = Release|Any CPU
		{FA02F995-6777-48C5-9B35-4BB9A90AC679}.Release|Any CPU.Build.0 = Release|Any CPU
		{0125950F-DCC0-4DE8-95E8-257E0BEC4499}.Debug|Any CPU.ActiveCfg = Debug|Any CPU
		{0125950F-DCC0-4DE8-95E8-257E0BEC4499}.Debug|Any CPU.Build.0 = Debug|Any CPU
		{0125950F-DCC0-4DE8-95E8-257E0BEC4499}.Release|Any CPU.ActiveCfg = Release|Any CPU
		{0125950F-DCC0-4DE8-95E8-257E0BEC4499}.Release|Any CPU.Build.0 = Release|Any CPU
	EndGlobalSection
EndGlobal
